
Microsoft Visual Studio Solution File, Format Version 12.00
# Visual Studio Version 16
VisualStudioVersion = 16.0.29911.84
MinimumVisualStudioVersion = 10.0.40219.1
Project("{FAE04EC0-301F-11D3-BF4B-00C04F79EFBC}") = "INHERITANCE TYPE", "INHERITANCE TYPE\INHERITANCE TYPE.csproj", "{5EDEBF1A-DF5B-4FEA-AADC-09CA978C5F30}"
EndProject
Global
	GlobalSection(SolutionConfigurationPlatforms) = preSolution
		Debug|Any CPU = Debug|Any CPU
		Release|Any CPU = Release|Any CPU
	EndGlobalSection
	GlobalSection(ProjectConfigurationPlatforms) = postSolution
		{5EDEBF1A-DF5B-4FEA-AADC-09CA978C5F30}.Debug|Any CPU.ActiveCfg = Debug|Any CPU
		{5EDEBF1A-DF5B-4FEA-AADC-09CA978C5F30}.Debug|Any CPU.Build.0 = Debug|Any CPU
		{5EDEBF1A-DF5B-4FEA-AADC-09CA978C5F30}.Release|Any CPU.ActiveCfg = Release|Any CPU
		{5EDEBF1A-DF5B-4FEA-AADC-09CA978C5F30}.Release|Any CPU.Build.0 = Release|Any CPU
	EndGlobalSection
	GlobalSection(SolutionProperties) = preSolution
		HideSolutionNode = FALSE
	EndGlobalSection
	GlobalSection(ExtensibilityGlobals) = postSolution
		SolutionGuid = {7BF37AA9-7EBE-4F18-A981-AC60B6F33FEF}
	EndGlobalSection
EndGlobal
